{
  "requires": true,
  "lockfileVersion": 1,
  "dependencies": {
    "@improbable-eng/grpc-web": {
      "version": "0.12.0",
      "resolved": "https://registry.npmjs.org/@improbable-eng/grpc-web/-/grpc-web-0.12.0.tgz",
      "integrity": "sha512-uJjgMPngreRTYPBuo6gswMj1gK39Wbqre/RgE0XnSDXJRg6ST7ZhuS53dFE6Vc2CX4jxgl+cO+0B3op8LA4Q0Q==",
      "requires": {
        "browser-headers": "^0.4.0"
      }
    },
    "@improbable-eng/grpc-web-node-http-transport": {
      "version": "0.12.0",
      "resolved": "https://registry.npmjs.org/@improbable-eng/grpc-web-node-http-transport/-/grpc-web-node-http-transport-0.12.0.tgz",
      "integrity": "sha512-+Kjz+Dktfz5LKTZA9ZW/Vlww6HF9KaKz4x2mVe1O8CJdOP2WfzC+KY8L6EWMqVLrV4MvdBuQdSgDmvSJz+OGuA=="
    },
    "@onflow/config": {
      "version": "0.0.1",
      "resolved": "https://registry.npmjs.org/@onflow/config/-/config-0.0.1.tgz",
      "integrity": "sha512-p9//fQqzoKJXsW1IjpHKr2KcXMKw/qRR/qFsZ2obIAbRWCQm6YjYxmao7FbS22T07ZCgY57Eobh0301JTvXlHw==",
      "requires": {
        "@onflow/util-actor": "0.0.1"
      }
    },
    "@onflow/decode": {
      "version": "0.0.6",
      "resolved": "https://registry.npmjs.org/@onflow/decode/-/decode-0.0.6.tgz",
      "integrity": "sha512-xQypEDR53Qn4NDWN1cX1fZ5bfQAR37QEc9Mo4xqzL3M13/Py/C3V/E+d77rw1K+ZW/lFYKyffXJKWAGq2qDxWw=="
    },
    "@onflow/encode": {
      "version": "0.0.4",
      "resolved": "https://registry.npmjs.org/@onflow/encode/-/encode-0.0.4.tgz",
      "integrity": "sha512-SGWD7bK8XpGloQ3j5OEJARO4za0L0Ll24N2RyKfVeaYbNNHPo8W37bK5WZTR9xP2tREKWEt2nulONcyZrFzK/g==",
      "requires": {
        "rlp": "^2.2.4"
      }
    },
    "@onflow/fcl": {
      "version": "0.0.43",
      "resolved": "https://registry.npmjs.org/@onflow/fcl/-/fcl-0.0.43.tgz",
      "integrity": "sha512-s+o43M4RaUaVqoBzX6zNu/0WvkKvW5ad/gMxLDHkNdQWXpa/auaZd6+diF/evSDrC0YReagcawDp+e6Hi2XBJg==",
      "requires": {
        "@onflow/config": "0.0.1",
        "@onflow/sdk": "0.0.28",
        "@onflow/types": "0.0.2",
        "@onflow/util-actor": "0.0.1",
        "queue-microtask": "1.1.2"
      }
    },
    "@onflow/interaction": {
      "version": "0.0.8",
      "resolved": "https://registry.npmjs.org/@onflow/interaction/-/interaction-0.0.8.tgz",
      "integrity": "sha512-7c4/Gn0WqBZDTETuUbMh4HTlUcg2yGwPRSJ0XuFtQMmjBLgsIRWKF/LLirnJTuKJeGBCiBVeZB6wpLDQ/QjJmA=="
    },
    "@onflow/protobuf": {
      "version": "0.1.5",
      "resolved": "https://registry.npmjs.org/@onflow/protobuf/-/protobuf-0.1.5.tgz",
      "integrity": "sha512-RqT41U3jrgNJN28kU6FZRAaTBWwtnz8ULeJajJlWKo8N2yFA9Uzal3meiM1BC1zhIJ/eEryhg5EHybI8BkTyVw==",
      "requires": {
        "@improbable-eng/grpc-web": "^0.12.0",
        "google-protobuf": "^3.11.4"
      }
    },
    "@onflow/response": {
      "version": "0.0.2",
      "resolved": "https://registry.npmjs.org/@onflow/response/-/response-0.0.2.tgz",
      "integrity": "sha512-k5UD4nv9F6YAkDn0Gs0F6R2Izr6jekX9sGu6aPbTQCsfyv8kbG8GRhnfcugtwbGfEKmYO4Dj91QtWy246V9sUQ=="
    },
    "@onflow/sdk": {
      "version": "0.0.28",
      "resolved": "https://registry.npmjs.org/@onflow/sdk/-/sdk-0.0.28.tgz",
      "integrity": "sha512-FlNFWLv1mhlgGf8bKrPrAbBNEu8fNEhNokhe5We+7paOTTqKm1qw7WZ1+hmQN0rc98uVs5mLrrQlxaqeK57GwA==",
      "requires": {
        "@onflow/decode": "0.0.6",
        "@onflow/encode": "0.0.4",
        "@onflow/interaction": "0.0.8",
        "@onflow/send": "0.0.15",
        "@qvvg/templar": "0.0.1"
      }
    },
    "@onflow/send": {
      "version": "0.0.15",
      "resolved": "https://registry.npmjs.org/@onflow/send/-/send-0.0.15.tgz",
      "integrity": "sha512-lhU9TP5ZPzlBV5EGh5R8ujl9rLgWe49Fet7IEhHtY8bK/hkbLXXh8aViMuBCLK0CnRitpQ6R1VAY4Lc75mxVcg==",
      "requires": {
        "@improbable-eng/grpc-web": "0.12.0",
        "@improbable-eng/grpc-web-node-http-transport": "0.12.0",
        "@onflow/interaction": "0.0.7",
        "@onflow/protobuf": "0.1.5",
        "@onflow/response": "0.0.2"
      },
      "dependencies": {
        "@onflow/interaction": {
          "version": "0.0.7",
          "resolved": "https://registry.npmjs.org/@onflow/interaction/-/interaction-0.0.7.tgz",
          "integrity": "sha512-HiTVya8ESHB/M5AV2mNIgI6lXYQ0H/xz5EEji2HKBbs/GX7OqWyQbcnH+Mxepvddyz0g/VnWqrb97oet0yQZuQ=="
        }
      }
    },
    "@onflow/types": {
      "version": "0.0.2",
      "resolved": "https://registry.npmjs.org/@onflow/types/-/types-0.0.2.tgz",
      "integrity": "sha512-pGBuq7/slH2Xq5drKxFjbppeq0Kq6WLuyOV8lMYb57DPZSfbKnEOBubuq3y1N4kTpqHr+6g/VMqg3O/T20QZxg=="
    },
    "@onflow/util-actor": {
      "version": "0.0.1",
      "resolved": "https://registry.npmjs.org/@onflow/util-actor/-/util-actor-0.0.1.tgz",
      "integrity": "sha512-Am+ulYDQh7OH5oU9hU5vvh9eEnaXrAlFZ1SxTBZLO0aRGHPjM+GKbOZd/IFAaRwJ6x8NumNxGs4Bp+tUqZkgQg==",
      "requires": {
        "queue-microtask": "1.1.2"
      }
    },
    "@qvvg/templar": {
      "version": "0.0.1",
      "resolved": "https://registry.npmjs.org/@qvvg/templar/-/templar-0.0.1.tgz",
      "integrity": "sha512-BKrwiOQqIEKx1GwxZhCROo4M5Etn4wAvR++op4QzGobLK9i8hXzUL653vfM4mNAdxjbTUABHdBRuVX81qSjFcw=="
    },
    "bn.js": {
      "version": "4.11.9",
      "resolved": "https://registry.npmjs.org/bn.js/-/bn.js-4.11.9.tgz",
      "integrity": "sha512-E6QoYqCKZfgatHTdHzs1RRKP7ip4vvm+EyRUeE2RF0NblwVvb0p6jSVeNTOFxPn26QXN2o6SMfNxKp6kU8zQaw=="
    },
    "browser-headers": {
      "version": "0.4.1",
      "resolved": "https://registry.npmjs.org/browser-headers/-/browser-headers-0.4.1.tgz",
      "integrity": "sha512-CA9hsySZVo9371qEHjHZtYxV2cFtVj5Wj/ZHi8ooEsrtm4vOnl9Y9HmyYWk9q+05d7K3rdoAE0j3MVEFVvtQtg=="
    },
    "google-protobuf": {
      "version": "3.12.2",
      "resolved": "https://registry.npmjs.org/google-protobuf/-/google-protobuf-3.12.2.tgz",
      "integrity": "sha512-4CZhpuRr1d6HjlyrxoXoocoGFnRYgKULgMtikMddA9ztRyYR59Aondv2FioyxWVamRo0rF2XpYawkTCBEQOSkA=="
    },
    "queue-microtask": {
      "version": "1.1.2",
      "resolved": "https://registry.npmjs.org/queue-microtask/-/queue-microtask-1.1.2.tgz",
      "integrity": "sha512-F9wwNePtXrzZenAB3ax0Y8TSKGvuB7Qw16J30hspEUTbfUM+H827XyN3rlpwhVmtm5wuZtbKIHjOnwDn7MUxWQ=="
    },
    "regenerator-runtime": {
      "version": "0.13.6",
      "resolved": "https://registry.npmjs.org/regenerator-runtime/-/regenerator-runtime-0.13.6.tgz",
      "integrity": "sha512-GmwlGiazQEbOwQWDdbbaP10i15pGtScYWLbMZuu+RKRz0cZ+g8IUONazBnaZqe7j1670IV1HgE4/8iy7CQPf4Q=="
    },
    "rlp": {
      "version": "2.2.6",
      "resolved": "https://registry.npmjs.org/rlp/-/rlp-2.2.6.tgz",
      "integrity": "sha512-HAfAmL6SDYNWPUOJNrM500x4Thn4PZsEy5pijPh40U9WfNk0z15hUYzO9xVIMAdIHdFtD8CBDHd75Td1g36Mjg==",
      "requires": {
        "bn.js": "^4.11.1"
      }
    }
  }
}
